// !$*UTF8*$!
{
	archiveVersion = 1;
	classes = {
	};
	objectVersion = 55;
	objects = {

/* Begin PBXBuildFile section */
		53DD4B3C27A716E200AB78F0 /* MadLib1App.swift in Sources */ = {isa = PBXBuildFile; fileRef = 53DD4B3B27A716E200AB78F0 /* MadLib1App.swift */; };
		53DD4B3E27A716E200AB78F0 /* ContentView.swift in Sources */ = {isa = PBXBuildFile; fileRef = 53DD4B3D27A716E200AB78F0 /* ContentView.swift */; };
		53DD4B4027A716E300AB78F0 /* Assets.xcassets in Resources */ = {isa = PBXBuildFile; fileRef = 53DD4B3F27A716E300AB78F0 /* Assets.xcassets */; };
		53DD4B4327A716E300AB78F0 /* Preview Assets.xcassets in Resources */ = {isa = PBXBuildFile; fileRef = 53DD4B4227A716E300AB78F0 /* Preview Assets.xcassets */; };
		53DD4B4A27A71A3700AB78F0 /* Page1.swift in Sources */ = {isa = PBXBuildFile; fileRef = 53DD4B4927A71A3700AB78F0 /* Page1.swift */; };
		53DD4B4C27A7218B00AB78F0 /* Utilities.swift in Sources */ = {isa = PBXBuildFile; fileRef = 53DD4B4B27A7218A00AB78F0 /* Utilities.swift */; };
		53DD4B5027A72E1800AB78F0 /* Word.swift in Sources */ = {isa = PBXBuildFile; fileRef = 53DD4B4F27A72E1800AB78F0 /* Word.swift */; };
		53DD4B5327A731BF00AB78F0 /* Adjectives.txt in Resources */ = {isa = PBXBuildFile; fileRef = 53DD4B5227A731BF00AB78F0 /* Adjectives.txt */; };
		53DD4B5527A7338A00AB78F0 /* Nouns.txt in Resources */ = {isa = PBXBuildFile; fileRef = 53DD4B5427A7338A00AB78F0 /* Nouns.txt */; };
		53DD4B5727A736E000AB78F0 /* Adverbs.txt in Resources */ = {isa = PBXBuildFile; fileRef = 53DD4B5627A736E000AB78F0 /* Adverbs.txt */; };
		53DD4B5927A7400F00AB78F0 /* Page2.swift in Sources */ = {isa = PBXBuildFile; fileRef = 53DD4B5827A7400F00AB78F0 /* Page2.swift */; };
		53DD4B5B27A7409500AB78F0 /* Page3.swift in Sources */ = {isa = PBXBuildFile; fileRef = 53DD4B5A27A7409500AB78F0 /* Page3.swift */; };
		53DD4B5D27A74EE800AB78F0 /* PirateView.swift in Sources */ = {isa = PBXBuildFile; fileRef = 53DD4B5C27A74EE800AB78F0 /* PirateView.swift */; };
		53DD4B5F27A7517300AB78F0 /* Page4.swift in Sources */ = {isa = PBXBuildFile; fileRef = 53DD4B5E27A7517300AB78F0 /* Page4.swift */; };
		53DD4B6127A7517F00AB78F0 /* Page5.swift in Sources */ = {isa = PBXBuildFile; fileRef = 53DD4B6027A7517F00AB78F0 /* Page5.swift */; };
		53DD4B6327A7519800AB78F0 /* Page6.swift in Sources */ = {isa = PBXBuildFile; fileRef = 53DD4B6227A7519800AB78F0 /* Page6.swift */; };
		53DD4B6527A752E200AB78F0 /* Page7.swift in Sources */ = {isa = PBXBuildFile; fileRef = 53DD4B6427A752E200AB78F0 /* Page7.swift */; };
		53DD4B6727A752E800AB78F0 /* Page8.swift in Sources */ = {isa = PBXBuildFile; fileRef = 53DD4B6627A752E800AB78F0 /* Page8.swift */; };
		53DD4B6927A752F200AB78F0 /* Page9.swift in Sources */ = {isa = PBXBuildFile; fileRef = 53DD4B6827A752F200AB78F0 /* Page9.swift */; };
		53DD4B6D27A7554700AB78F0 /* Page11.swift in Sources */ = {isa = PBXBuildFile; fileRef = 53DD4B6C27A7554700AB78F0 /* Page11.swift */; };
		53DD4B6F27A7554E00AB78F0 /* Page12.swift in Sources */ = {isa = PBXBuildFile; fileRef = 53DD4B6E27A7554E00AB78F0 /* Page12.swift */; };
		53DD4B7127A7566C00AB78F0 /* Page13.swift in Sources */ = {isa = PBXBuildFile; fileRef = 53DD4B7027A7566C00AB78F0 /* Page13.swift */; };
		53DD4B7327A7567100AB78F0 /* Page14.swift in Sources */ = {isa = PBXBuildFile; fileRef = 53DD4B7227A7567100AB78F0 /* Page14.swift */; };
		53DD4B7727A7568000AB78F0 /* Page15.swift in Sources */ = {isa = PBXBuildFile; fileRef = 53DD4B7627A7568000AB78F0 /* Page15.swift */; };
		53DD4B7927A7568700AB78F0 /* Page16.swift in Sources */ = {isa = PBXBuildFile; fileRef = 53DD4B7827A7568700AB78F0 /* Page16.swift */; };
		53DD4B8127A774C100AB78F0 /* Page17.swift in Sources */ = {isa = PBXBuildFile; fileRef = 53DD4B8027A774C100AB78F0 /* Page17.swift */; };
		53DD4B8527A8D12000AB78F0 /* Page10.swift in Sources */ = {isa = PBXBuildFile; fileRef = 53DD4B8427A8D12000AB78F0 /* Page10.swift */; };
/* End PBXBuildFile section */

/* Begin PBXFileReference section */
		53DD4B3827A716E200AB78F0 /* MadLib1.app */ = {isa = PBXFileReference; explicitFileType = wrapper.application; includeInIndex = 0; path = MadLib1.app; sourceTree = BUILT_PRODUCTS_DIR; };
		53DD4B3B27A716E200AB78F0 /* MadLib1App.swift */ = {isa = PBXFileReference; lastKnownFileType = sourcecode.swift; path = MadLib1App.swift; sourceTree = "<group>"; };
		53DD4B3D27A716E200AB78F0 /* ContentView.swift */ = {isa = PBXFileReference; lastKnownFileType = sourcecode.swift; path = ContentView.swift; sourceTree = "<group>"; };
		53DD4B3F27A716E300AB78F0 /* Assets.xcassets */ = {isa = PBXFileReference; lastKnownFileType = folder.assetcatalog; path = Assets.xcassets; sourceTree = "<group>"; };
		53DD4B4227A716E300AB78F0 /* Preview Assets.xcassets */ = {isa = PBXFileReference; lastKnownFileType = folder.assetcatalog; path = "Preview Assets.xcassets"; sourceTree = "<group>"; };
		53DD4B4927A71A3700AB78F0 /* Page1.swift */ = {isa = PBXFileReference; lastKnownFileType = sourcecode.swift; path = Page1.swift; sourceTree = "<group>"; };
		53DD4B4B27A7218A00AB78F0 /* Utilities.swift */ = {isa = PBXFileReference; lastKnownFileType = sourcecode.swift; path = Utilities.swift; sourceTree = "<group>"; };
		53DD4B4F27A72E1800AB78F0 /* Word.swift */ = {isa = PBXFileReference; lastKnownFileType = sourcecode.swift; path = Word.swift; sourceTree = "<group>"; };
		53DD4B5227A731BF00AB78F0 /* Adjectives.txt */ = {isa = PBXFileReference; fileEncoding = 4; lastKnownFileType = text; path = Adjectives.txt; sourceTree = "<group>"; };
		53DD4B5427A7338A00AB78F0 /* Nouns.txt */ = {isa = PBXFileReference; fileEncoding = 4; lastKnownFileType = text; path = Nouns.txt; sourceTree = "<group>"; };
		53DD4B5627A736E000AB78F0 /* Adverbs.txt */ = {isa = PBXFileReference; fileEncoding = 4; lastKnownFileType = text; path = Adverbs.txt; sourceTree = "<group>"; };
		53DD4B5827A7400F00AB78F0 /* Page2.swift */ = {isa = PBXFileReference; lastKnownFileType = sourcecode.swift; path = Page2.swift; sourceTree = "<group>"; };
		53DD4B5A27A7409500AB78F0 /* Page3.swift */ = {isa = PBXFileReference; lastKnownFileType = sourcecode.swift; path = Page3.swift; sourceTree = "<group>"; };
		53DD4B5C27A74EE800AB78F0 /* PirateView.swift */ = {isa = PBXFileReference; lastKnownFileType = sourcecode.swift; path = PirateView.swift; sourceTree = "<group>"; };
		53DD4B5E27A7517300AB78F0 /* Page4.swift */ = {isa = PBXFileReference; lastKnownFileType = sourcecode.swift; path = Page4.swift; sourceTree = "<group>"; };
		53DD4B6027A7517F00AB78F0 /* Page5.swift */ = {isa = PBXFileReference; lastKnownFileType = sourcecode.swift; path = Page5.swift; sourceTree = "<group>"; };
		53DD4B6227A7519800AB78F0 /* Page6.swift */ = {isa = PBXFileReference; lastKnownFileType = sourcecode.swift; path = Page6.swift; sourceTree = "<group>"; };
		53DD4B6427A752E200AB78F0 /* Page7.swift */ = {isa = PBXFileReference; lastKnownFileType = sourcecode.swift; path = Page7.swift; sourceTree = "<group>"; };
		53DD4B6627A752E800AB78F0 /* Page8.swift */ = {isa = PBXFileReference; lastKnownFileType = sourcecode.swift; path = Page8.swift; sourceTree = "<group>"; };
		53DD4B6827A752F200AB78F0 /* Page9.swift */ = {isa = PBXFileReference; lastKnownFileType = sourcecode.swift; path = Page9.swift; sourceTree = "<group>"; };
		53DD4B6C27A7554700AB78F0 /* Page11.swift */ = {isa = PBXFileReference; lastKnownFileType = sourcecode.swift; path = Page11.swift; sourceTree = "<group>"; };
		53DD4B6E27A7554E00AB78F0 /* Page12.swift */ = {isa = PBXFileReference; lastKnownFileType = sourcecode.swift; path = Page12.swift; sourceTree = "<group>"; };
		53DD4B7027A7566C00AB78F0 /* Page13.swift */ = {isa = PBXFileReference; lastKnownFileType = sourcecode.swift; path = Page13.swift; sourceTree = "<group>"; };
		53DD4B7227A7567100AB78F0 /* Page14.swift */ = {isa = PBXFileReference; lastKnownFileType = sourcecode.swift; path = Page14.swift; sourceTree = "<group>"; };
		53DD4B7627A7568000AB78F0 /* Page15.swift */ = {isa = PBXFileReference; lastKnownFileType = sourcecode.swift; path = Page15.swift; sourceTree = "<group>"; };
		53DD4B7827A7568700AB78F0 /* Page16.swift */ = {isa = PBXFileReference; lastKnownFileType = sourcecode.swift; path = Page16.swift; sourceTree = "<group>"; };
		53DD4B8027A774C100AB78F0 /* Page17.swift */ = {isa = PBXFileReference; lastKnownFileType = sourcecode.swift; path = Page17.swift; sourceTree = "<group>"; };
		53DD4B8427A8D12000AB78F0 /* Page10.swift */ = {isa = PBXFileReference; lastKnownFileType = sourcecode.swift; path = Page10.swift; sourceTree = "<group>"; };
/* End PBXFileReference section */

/* Begin PBXFrameworksBuildPhase section */
		53DD4B3527A716E200AB78F0 /* Frameworks */ = {
			isa = PBXFrameworksBuildPhase;
			buildActionMask = 2147483647;
			files = (
			);
			runOnlyForDeploymentPostprocessing = 0;
		};
/* End PBXFrameworksBuildPhase section */

/* Begin PBXGroup section */
		53DD4B2F27A716E200AB78F0 = {
			isa = PBXGroup;
			children = (
				53DD4B5427A7338A00AB78F0 /* Nouns.txt */,
				53DD4B5627A736E000AB78F0 /* Adverbs.txt */,
				53DD4B5227A731BF00AB78F0 /* Adjectives.txt */,
				53DD4B3A27A716E200AB78F0 /* MadLib1 */,
				53DD4B3927A716E200AB78F0 /* Products */,
			);
			sourceTree = "<group>";
		};
		53DD4B3927A716E200AB78F0 /* Products */ = {
			isa = PBXGroup;
			children = (
				53DD4B3827A716E200AB78F0 /* MadLib1.app */,
			);
			name = Products;
			sourceTree = "<group>";
		};
		53DD4B3A27A716E200AB78F0 /* MadLib1 */ = {
			isa = PBXGroup;
			children = (
				53DD4B5C27A74EE800AB78F0 /* PirateView.swift */,
				53DD4B4927A71A3700AB78F0 /* Page1.swift */,
				53DD4B5827A7400F00AB78F0 /* Page2.swift */,
				53DD4B5A27A7409500AB78F0 /* Page3.swift */,
				53DD4B5E27A7517300AB78F0 /* Page4.swift */,
				53DD4B6027A7517F00AB78F0 /* Page5.swift */,
				53DD4B6227A7519800AB78F0 /* Page6.swift */,
				53DD4B6427A752E200AB78F0 /* Page7.swift */,
				53DD4B6627A752E800AB78F0 /* Page8.swift */,
				53DD4B6827A752F200AB78F0 /* Page9.swift */,
				53DD4B8427A8D12000AB78F0 /* Page10.swift */,
				53DD4B6C27A7554700AB78F0 /* Page11.swift */,
				53DD4B6E27A7554E00AB78F0 /* Page12.swift */,
				53DD4B7027A7566C00AB78F0 /* Page13.swift */,
				53DD4B7227A7567100AB78F0 /* Page14.swift */,
				53DD4B7627A7568000AB78F0 /* Page15.swift */,
				53DD4B7827A7568700AB78F0 /* Page16.swift */,
				53DD4B8027A774C100AB78F0 /* Page17.swift */,
				53DD4B3B27A716E200AB78F0 /* MadLib1App.swift */,
				53DD4B3D27A716E200AB78F0 /* ContentView.swift */,
				53DD4B3F27A716E300AB78F0 /* Assets.xcassets */,
				53DD4B4127A716E300AB78F0 /* Preview Content */,
				53DD4B4B27A7218A00AB78F0 /* Utilities.swift */,
				53DD4B4F27A72E1800AB78F0 /* Word.swift */,
			);
			path = MadLib1;
			sourceTree = "<group>";
		};
		53DD4B4127A716E300AB78F0 /* Preview Content */ = {
			isa = PBXGroup;
			children = (
				53DD4B4227A716E300AB78F0 /* Preview Assets.xcassets */,
			);
			path = "Preview Content";
			sourceTree = "<group>";
		};
/* End PBXGroup section */

/* Begin PBXNativeTarget section */
		53DD4B3727A716E200AB78F0 /* MadLib1 */ = {
			isa = PBXNativeTarget;
			buildConfigurationList = 53DD4B4627A716E300AB78F0 /* Build configuration list for PBXNativeTarget "MadLib1" */;
			buildPhases = (
				53DD4B3427A716E200AB78F0 /* Sources */,
				53DD4B3527A716E200AB78F0 /* Frameworks */,
				53DD4B3627A716E200AB78F0 /* Resources */,
			);
			buildRules = (
			);
			dependencies = (
			);
			name = MadLib1;
			productName = MadLib1;
			productReference = 53DD4B3827A716E200AB78F0 /* MadLib1.app */;
			productType = "com.apple.product-type.application";
		};
/* End PBXNativeTarget section */

/* Begin PBXProject section */
		53DD4B3027A716E200AB78F0 /* Project object */ = {
			isa = PBXProject;
			attributes = {
				BuildIndependentTargetsInParallel = 1;
				LastSwiftUpdateCheck = 1320;
				LastUpgradeCheck = 1320;
				TargetAttributes = {
					53DD4B3727A716E200AB78F0 = {
						CreatedOnToolsVersion = 13.2.1;
					};
				};
			};
			buildConfigurationList = 53DD4B3327A716E200AB78F0 /* Build configuration list for PBXProject "MadLib1" */;
			compatibilityVersion = "Xcode 13.0";
			developmentRegion = en;
			hasScannedForEncodings = 0;
			knownRegions = (
				en,
				Base,
			);
			mainGroup = 53DD4B2F27A716E200AB78F0;
			productRefGroup = 53DD4B3927A716E200AB78F0 /* Products */;
			projectDirPath = "";
			projectRoot = "";
			targets = (
				53DD4B3727A716E200AB78F0 /* MadLib1 */,
			);
		};
/* End PBXProject section */

/* Begin PBXResourcesBuildPhase section */
		53DD4B3627A716E200AB78F0 /* Resources */ = {
			isa = PBXResourcesBuildPhase;
			buildActionMask = 2147483647;
			files = (
				53DD4B4327A716E300AB78F0 /* Preview Assets.xcassets in Resources */,
				53DD4B5327A731BF00AB78F0 /* Adjectives.txt in Resources */,
				53DD4B5527A7338A00AB78F0 /* Nouns.txt in Resources */,
				53DD4B5727A736E000AB78F0 /* Adverbs.txt in Resources */,
				53DD4B4027A716E300AB78F0 /* Assets.xcassets in Resources */,
			);
			runOnlyForDeploymentPostprocessing = 0;
		};
/* End PBXResourcesBuildPhase section */

/* Begin PBXSourcesBuildPhase section */
		53DD4B3427A716E200AB78F0 /* Sources */ = {
			isa = PBXSourcesBuildPhase;
			buildActionMask = 2147483647;
			files = (
				53DD4B6727A752E800AB78F0 /* Page8.swift in Sources */,
				53DD4B3E27A716E200AB78F0 /* ContentView.swift in Sources */,
				53DD4B3C27A716E200AB78F0 /* MadLib1App.swift in Sources */,
				53DD4B5F27A7517300AB78F0 /* Page4.swift in Sources */,
				53DD4B4C27A7218B00AB78F0 /* Utilities.swift in Sources */,
				53DD4B8527A8D12000AB78F0 /* Page10.swift in Sources */,
				53DD4B5D27A74EE800AB78F0 /* PirateView.swift in Sources */,
				53DD4B6D27A7554700AB78F0 /* Page11.swift in Sources */,
				53DD4B7927A7568700AB78F0 /* Page16.swift in Sources */,
				53DD4B5B27A7409500AB78F0 /* Page3.swift in Sources */,
				53DD4B6127A7517F00AB78F0 /* Page5.swift in Sources */,
				53DD4B4A27A71A3700AB78F0 /* Page1.swift in Sources */,
				53DD4B5027A72E1800AB78F0 /* Word.swift in Sources */,
				53DD4B6927A752F200AB78F0 /* Page9.swift in Sources */,
				53DD4B7327A7567100AB78F0 /* Page14.swift in Sources */,
				53DD4B5927A7400F00AB78F0 /* Page2.swift in Sources */,
				53DD4B7127A7566C00AB78F0 /* Page13.swift in Sources */,
				53DD4B6F27A7554E00AB78F0 /* Page12.swift in Sources */,
				53DD4B6527A752E200AB78F0 /* Page7.swift in Sources */,
				53DD4B6327A7519800AB78F0 /* Page6.swift in Sources */,
				53DD4B7727A7568000AB78F0 /* Page15.swift in Sources */,
				53DD4B8127A774C100AB78F0 /* Page17.swift in Sources */,
			);
			runOnlyForDeploymentPostprocessing = 0;
		};
/* End PBXSourcesBuildPhase section */

/* Begin XCBuildConfiguration section */
		53DD4B4427A716E300AB78F0 /* Debug */ = {
			isa = XCBuildConfiguration;
			buildSettings = {
				ALWAYS_SEARCH_USER_PATHS = NO;
				CLANG_ANALYZER_NONNULL = YES;
				CLANG_ANALYZER_NUMBER_OBJECT_CONVERSION = YES_AGGRESSIVE;
				CLANG_CXX_LANGUAGE_STANDARD = "gnu++17";
				CLANG_CXX_LIBRARY = "libc++";
				CLANG_ENABLE_MODULES = YES;
				CLANG_ENABLE_OBJC_ARC = YES;
				CLANG_ENABLE_OBJC_WEAK = YES;
				CLANG_WARN_BLOCK_CAPTURE_AUTORELEASING = YES;
				CLANG_WARN_BOOL_CONVERSION = YES;
				CLANG_WARN_COMMA = YES;
				CLANG_WARN_CONSTANT_CONVERSION = YES;
				CLANG_WARN_DEPRECATED_OBJC_IMPLEMENTATIONS = YES;
				CLANG_WARN_DIRECT_OBJC_ISA_USAGE = YES_ERROR;
				CLANG_WARN_DOCUMENTATION_COMMENTS = YES;
				CLANG_WARN_EMPTY_BODY = YES;
				CLANG_WARN_ENUM_CONVERSION = YES;
				CLANG_WARN_INFINITE_RECURSION = YES;
				CLANG_WARN_INT_CONVERSION = YES;
				CLANG_WARN_NON_LITERAL_NULL_CONVERSION = YES;
				CLANG_WARN_OBJC_IMPLICIT_RETAIN_SELF = YES;
				CLANG_WARN_OBJC_LITERAL_CONVERSION = YES;
				CLANG_WARN_OBJC_ROOT_CLASS = YES_ERROR;
				CLANG_WARN_QUOTED_INCLUDE_IN_FRAMEWORK_HEADER = YES;
				CLANG_WARN_RANGE_LOOP_ANALYSIS = YES;
				CLANG_WARN_STRICT_PROTOTYPES = YES;
				CLANG_WARN_SUSPICIOUS_MOVE = YES;
				CLANG_WARN_UNGUARDED_AVAILABILITY = YES_AGGRESSIVE;
				CLANG_WARN_UNREACHABLE_CODE = YES;
				CLANG_WARN__DUPLICATE_METHOD_MATCH = YES;
				COPY_PHASE_STRIP = NO;
				DEBUG_INFORMATION_FORMAT = dwarf;
				ENABLE_STRICT_OBJC_MSGSEND = YES;
				ENABLE_TESTABILITY = YES;
				GCC_C_LANGUAGE_STANDARD = gnu11;
				GCC_DYNAMIC_NO_PIC = NO;
				GCC_NO_COMMON_BLOCKS = YES;
				GCC_OPTIMIZATION_LEVEL = 0;
				GCC_PREPROCESSOR_DEFINITIONS = (
					"DEBUG=1",
					"$(inherited)",
				);
				GCC_WARN_64_TO_32_BIT_CONVERSION = YES;
				GCC_WARN_ABOUT_RETURN_TYPE = YES_ERROR;
				GCC_WARN_UNDECLARED_SELECTOR = YES;
				GCC_WARN_UNINITIALIZED_AUTOS = YES_AGGRESSIVE;
				GCC_WARN_UNUSED_FUNCTION = YES;
				GCC_WARN_UNUSED_VARIABLE = YES;
				IPHONEOS_DEPLOYMENT_TARGET = 15.2;
				MTL_ENABLE_DEBUG_INFO = INCLUDE_SOURCE;
				MTL_FAST_MATH = YES;
				ONLY_ACTIVE_ARCH = YES;
				SDKROOT = iphoneos;
				SWIFT_ACTIVE_COMPILATION_CONDITIONS = DEBUG;
				SWIFT_OPTIMIZATION_LEVEL = "-Onone";
			};
			name = Debug;
		};
		53DD4B4527A716E300AB78F0 /* Release */ = {
			isa = XCBuildConfiguration;
			buildSettings = {
				ALWAYS_SEARCH_USER_PATHS = NO;
				CLANG_ANALYZER_NONNULL = YES;
				CLANG_ANALYZER_NUMBER_OBJECT_CONVERSION = YES_AGGRESSIVE;
				CLANG_CXX_LANGUAGE_STANDARD = "gnu++17";
				CLANG_CXX_LIBRARY = "libc++";
				CLANG_ENABLE_MODULES = YES;
				CLANG_ENABLE_OBJC_ARC = YES;
				CLANG_ENABLE_OBJC_WEAK = YES;
				CLANG_WARN_BLOCK_CAPTURE_AUTORELEASING = YES;
				CLANG_WARN_BOOL_CONVERSION = YES;
				CLANG_WARN_COMMA = YES;
				CLANG_WARN_CONSTANT_CONVERSION = YES;
				CLANG_WARN_DEPRECATED_OBJC_IMPLEMENTATIONS = YES;
				CLANG_WARN_DIRECT_OBJC_ISA_USAGE = YES_ERROR;
				CLANG_WARN_DOCUMENTATION_COMMENTS = YES;
				CLANG_WARN_EMPTY_BODY = YES;
				CLANG_WARN_ENUM_CONVERSION = YES;
				CLANG_WARN_INFINITE_RECURSION = YES;
				CLANG_WARN_INT_CONVERSION = YES;
				CLANG_WARN_NON_LITERAL_NULL_CONVERSION = YES;
				CLANG_WARN_OBJC_IMPLICIT_RETAIN_SELF = YES;
				CLANG_WARN_OBJC_LITERAL_CONVERSION = YES;
				CLANG_WARN_OBJC_ROOT_CLASS = YES_ERROR;
				CLANG_WARN_QUOTED_INCLUDE_IN_FRAMEWORK_HEADER = YES;
				CLANG_WARN_RANGE_LOOP_ANALYSIS = YES;
				CLANG_WARN_STRICT_PROTOTYPES = YES;
				CLANG_WARN_SUSPICIOUS_MOVE = YES;
				CLANG_WARN_UNGUARDED_AVAILABILITY = YES_AGGRESSIVE;
				CLANG_WARN_UNREACHABLE_CODE = YES;
				CLANG_WARN__DUPLICATE_METHOD_MATCH = YES;
				COPY_PHASE_STRIP = NO;
				DEBUG_INFORMATION_FORMAT = "dwarf-with-dsym";
				ENABLE_NS_ASSERTIONS = NO;
				ENABLE_STRICT_OBJC_MSGSEND = YES;
				GCC_C_LANGUAGE_STANDARD = gnu11;
				GCC_NO_COMMON_BLOCKS = YES;
				GCC_WARN_64_TO_32_BIT_CONVERSION = YES;
				GCC_WARN_ABOUT_RETURN_TYPE = YES_ERROR;
				GCC_WARN_UNDECLARED_SELECTOR = YES;
				GCC_WARN_UNINITIALIZED_AUTOS = YES_AGGRESSIVE;
				GCC_WARN_UNUSED_FUNCTION = YES;
				GCC_WARN_UNUSED_VARIABLE = YES;
				IPHONEOS_DEPLOYMENT_TARGET = 15.2;
				MTL_ENABLE_DEBUG_INFO = NO;
				MTL_FAST_MATH = YES;
				SDKROOT = iphoneos;
				SWIFT_COMPILATION_MODE = wholemodule;
				SWIFT_OPTIMIZATION_LEVEL = "-O";
				VALIDATE_PRODUCT = YES;
			};
			name = Release;
		};
		53DD4B4727A716E300AB78F0 /* Debug */ = {
			isa = XCBuildConfiguration;
			buildSettings = {
				ASSETCATALOG_COMPILER_APPICON_NAME = AppIcon;
				ASSETCATALOG_COMPILER_GLOBAL_ACCENT_COLOR_NAME = AccentColor;
				CODE_SIGN_STYLE = Automatic;
				CURRENT_PROJECT_VERSION = 1;
				DEVELOPMENT_ASSET_PATHS = "\"MadLib1/Preview Content\"";
				DEVELOPMENT_TEAM = EL239SVJR7;
				ENABLE_PREVIEWS = YES;
				GENERATE_INFOPLIST_FILE = YES;
				INFOPLIST_KEY_UIApplicationSceneManifest_Generation = YES;
				INFOPLIST_KEY_UIApplicationSupportsIndirectInputEvents = YES;
				INFOPLIST_KEY_UILaunchScreen_Generation = YES;
				INFOPLIST_KEY_UISupportedInterfaceOrientations_iPad = "UIInterfaceOrientationPortrait UIInterfaceOrientationPortraitUpsideDown UIInterfaceOrientationLandscapeLeft UIInterfaceOrientationLandscapeRight";
				INFOPLIST_KEY_UISupportedInterfaceOrientations_iPhone = "UIInterfaceOrientationPortrait UIInterfaceOrientationLandscapeLeft UIInterfaceOrientationLandscapeRight";
				LD_RUNPATH_SEARCH_PATHS = (
					"$(inherited)",
					"@executable_path/Frameworks",
				);
				MARKETING_VERSION = 1.0;
				PRODUCT_BUNDLE_IDENTIFIER = BrightAnchor.MadLib1;
				PRODUCT_NAME = "$(TARGET_NAME)";
				SWIFT_EMIT_LOC_STRINGS = YES;
				SWIFT_VERSION = 5.0;
				TARGETED_DEVICE_FAMILY = "1,2";
			};
			name = Debug;
		};
		53DD4B4827A716E300AB78F0 /* Release */ = {
			isa = XCBuildConfiguration;
			buildSettings = {
				ASSETCATALOG_COMPILER_APPICON_NAME = AppIcon;
				ASSETCATALOG_COMPILER_GLOBAL_ACCENT_COLOR_NAME = AccentColor;
				CODE_SIGN_STYLE = Automatic;
				CURRENT_PROJECT_VERSION = 1;
				DEVELOPMENT_ASSET_PATHS = "\"MadLib1/Preview Content\"";
				DEVELOPMENT_TEAM = EL239SVJR7;
				ENABLE_PREVIEWS = YES;
				GENERATE_INFOPLIST_FILE = YES;
				INFOPLIST_KEY_UIApplicationSceneManifest_Generation = YES;
				INFOPLIST_KEY_UIApplicationSupportsIndirectInputEvents = YES;
				INFOPLIST_KEY_UILaunchScreen_Generation = YES;
				INFOPLIST_KEY_UISupportedInterfaceOrientations_iPad = "UIInterfaceOrientationPortrait UIInterfaceOrientationPortraitUpsideDown UIInterfaceOrientationLandscapeLeft UIInterfaceOrientationLandscapeRight";
				INFOPLIST_KEY_UISupportedInterfaceOrientations_iPhone = "UIInterfaceOrientationPortrait UIInterfaceOrientationLandscapeLeft UIInterfaceOrientationLandscapeRight";
				LD_RUNPATH_SEARCH_PATHS = (
					"$(inherited)",
					"@executable_path/Frameworks",
				);
				MARKETING_VERSION = 1.0;
				PRODUCT_BUNDLE_IDENTIFIER = BrightAnchor.MadLib1;
				PRODUCT_NAME = "$(TARGET_NAME)";
				SWIFT_EMIT_LOC_STRINGS = YES;
				SWIFT_VERSION = 5.0;
				TARGETED_DEVICE_FAMILY = "1,2";
			};
			name = Release;
		};
/* End XCBuildConfiguration section */

/* Begin XCConfigurationList section */
		53DD4B3327A716E200AB78F0 /* Build configuration list for PBXProject "MadLib1" */ = {
			isa = XCConfigurationList;
			buildConfigurations = (
				53DD4B4427A716E300AB78F0 /* Debug */,
				53DD4B4527A716E300AB78F0 /* Release */,
			);
			defaultConfigurationIsVisible = 0;
			defaultConfigurationName = Release;
		};
		53DD4B4627A716E300AB78F0 /* Build configuration list for PBXNativeTarget "MadLib1" */ = {
			isa = XCConfigurationList;
			buildConfigurations = (
				53DD4B4727A716E300AB78F0 /* Debug */,
				53DD4B4827A716E300AB78F0 /* Release */,
			);
			defaultConfigurationIsVisible = 0;
			defaultConfigurationName = Release;
		};
/* End XCConfigurationList section */
	};
	rootObject = 53DD4B3027A716E200AB78F0 /* Project object */;
}
